
Microsoft Visual Studio Solution File, Format Version 12.00
# Visual Studio Version 17
VisualStudioVersion = 17.11.35208.52
MinimumVisualStudioVersion = 10.0.40219.1
Project("{FAE04EC0-301F-11D3-BF4B-00C04F79EFBC}") = "Synth1", "Synth1\Synth1.csproj", "{655CBABA-F33C-40C5-BB1D-B3C2C0A99440}"
EndProject
Global
	GlobalSection(SolutionConfigurationPlatforms) = preSolution
		Debug|Any CPU = Debug|Any CPU
		Release|Any CPU = Release|Any CPU
	EndGlobalSection
	GlobalSection(ProjectConfigurationPlatforms) = postSolution
		{655CBABA-F33C-40C5-BB1D-B3C2C0A99440}.Debug|Any CPU.ActiveCfg = Debug|Any CPU
		{655CBABA-F33C-40C5-BB1D-B3C2C0A99440}.Debug|Any CPU.Build.0 = Debug|Any CPU
		{655CBABA-F33C-40C5-BB1D-B3C2C0A99440}.Release|Any CPU.ActiveCfg = Release|Any CPU
		{655CBABA-F33C-40C5-BB1D-B3C2C0A99440}.Release|Any CPU.Build.0 = Release|Any CPU
	EndGlobalSection
	GlobalSection(SolutionProperties) = preSolution
		HideSolutionNode = FALSE
	EndGlobalSection
	GlobalSection(ExtensibilityGlobals) = postSolution
		SolutionGuid = {824D5D0D-A48A-4ACE-87E2-314B46C0ACEB}
	EndGlobalSection
EndGlobal
